
Microsoft Visual Studio Solution File, Format Version 12.00
# Visual Studio 15
VisualStudioVersion = 15.0.28307.902
MinimumVisualStudioVersion = 10.0.40219.1
Project("{9A19103F-16F7-4668-BE54-9A1E7A4F7556}") = "ManagingFilesAndDirectories", "ManagingFilesAndDirectories\ManagingFilesAndDirectories.csproj", "{7E537A12-C39E-456A-9641-35083F970089}"
EndProject
Project("{9A19103F-16F7-4668-BE54-9A1E7A4F7556}") = "MonitoringTheFileSystemForChanges", "MonitoringTheFileSystemForChanges\MonitoringTheFileSystemForChanges.csproj", "{D5F7CAD1-2AB3-40E9-9986-BC2231E91D19}"
EndProject
Project("{9A19103F-16F7-4668-BE54-9A1E7A4F7556}") = "ReadingAndWritingEntireFilesIntoMemory", "ReadingAndWritingEntireFilesIntoMemory\ReadingAndWritingEntireFilesIntoMemory.csproj", "{E6BD3574-2F09-4BDF-9070-FD93B998599A}"
EndProject
Project("{9A19103F-16F7-4668-BE54-9A1E7A4F7556}") = "ReadingAndWritingDataIncrementallyUsingStreams", "ReadingAndWritingDataIncrementallyUsingStreams\ReadingAndWritingDataIncrementallyUsingStreams.csproj", "{0222B489-6509-486B-9358-018E410B1196}"
EndProject
Project("{2150E333-8FDC-42A3-9474-1A3956D46DE8}") = "Solution Items", "Solution Items", "{BF4B58D3-792E-44D5-A080-FB65F107D9AD}"
	ProjectSection(SolutionItems) = preProject
		Readme.md = Readme.md
	EndProjectSection
EndProject
Project("{9A19103F-16F7-4668-BE54-9A1E7A4F7556}") = "ReadingAndWritingCSVData", "ReadingAndWritingCSVData\ReadingAndWritingCSVData.csproj", "{45308187-E79C-4FD0-A489-663285EBB69C}"
EndProject
Project("{FAE04EC0-301F-11D3-BF4B-00C04F79EFBC}") = "MonitoringFileSystemForChangesPractice", "MonitoringFileSystemForChangesPractice\MonitoringFileSystemForChangesPractice.csproj", "{65347419-7F25-482A-8914-855CADA0B4B8}"
EndProject
Global
	GlobalSection(SolutionConfigurationPlatforms) = preSolution
		Debug|Any CPU = Debug|Any CPU
		Release|Any CPU = Release|Any CPU
	EndGlobalSection
	GlobalSection(ProjectConfigurationPlatforms) = postSolution
		{7E537A12-C39E-456A-9641-35083F970089}.Debug|Any CPU.ActiveCfg = Debug|Any CPU
		{7E537A12-C39E-456A-9641-35083F970089}.Debug|Any CPU.Build.0 = Debug|Any CPU
		{7E537A12-C39E-456A-9641-35083F970089}.Release|Any CPU.ActiveCfg = Release|Any CPU
		{7E537A12-C39E-456A-9641-35083F970089}.Release|Any CPU.Build.0 = Release|Any CPU
		{D5F7CAD1-2AB3-40E9-9986-BC2231E91D19}.Debug|Any CPU.ActiveCfg = Debug|Any CPU
		{D5F7CAD1-2AB3-40E9-9986-BC2231E91D19}.Debug|Any CPU.Build.0 = Debug|Any CPU
		{D5F7CAD1-2AB3-40E9-9986-BC2231E91D19}.Release|Any CPU.ActiveCfg = Release|Any CPU
		{D5F7CAD1-2AB3-40E9-9986-BC2231E91D19}.Release|Any CPU.Build.0 = Release|Any CPU
		{E6BD3574-2F09-4BDF-9070-FD93B998599A}.Debug|Any CPU.ActiveCfg = Debug|Any CPU
		{E6BD3574-2F09-4BDF-9070-FD93B998599A}.Debug|Any CPU.Build.0 = Debug|Any CPU
		{E6BD3574-2F09-4BDF-9070-FD93B998599A}.Release|Any CPU.ActiveCfg = Release|Any CPU
		{E6BD3574-2F09-4BDF-9070-FD93B998599A}.Release|Any CPU.Build.0 = Release|Any CPU
		{0222B489-6509-486B-9358-018E410B1196}.Debug|Any CPU.ActiveCfg = Debug|Any CPU
		{0222B489-6509-486B-9358-018E410B1196}.Debug|Any CPU.Build.0 = Debug|Any CPU
		{0222B489-6509-486B-9358-018E410B1196}.Release|Any CPU.ActiveCfg = Release|Any CPU
		{0222B489-6509-486B-9358-018E410B1196}.Release|Any CPU.Build.0 = Release|Any CPU
		{45308187-E79C-4FD0-A489-663285EBB69C}.Debug|Any CPU.ActiveCfg = Debug|Any CPU
		{45308187-E79C-4FD0-A489-663285EBB69C}.Debug|Any CPU.Build.0 = Debug|Any CPU
		{45308187-E79C-4FD0-A489-663285EBB69C}.Release|Any CPU.ActiveCfg = Release|Any CPU
		{45308187-E79C-4FD0-A489-663285EBB69C}.Release|Any CPU.Build.0 = Release|Any CPU
		{65347419-7F25-482A-8914-855CADA0B4B8}.Debug|Any CPU.ActiveCfg = Debug|Any CPU
		{65347419-7F25-482A-8914-855CADA0B4B8}.Debug|Any CPU.Build.0 = Debug|Any CPU
		{65347419-7F25-482A-8914-855CADA0B4B8}.Release|Any CPU.ActiveCfg = Release|Any CPU
		{65347419-7F25-482A-8914-855CADA0B4B8}.Release|Any CPU.Build.0 = Release|Any CPU
	EndGlobalSection
	GlobalSection(SolutionProperties) = preSolution
		HideSolutionNode = FALSE
	EndGlobalSection
	GlobalSection(ExtensibilityGlobals) = postSolution
		SolutionGuid = {59F1AAD4-7D6A-48E1-8799-31BD65D5F80F}
	EndGlobalSection
EndGlobal
